
Microsoft Visual Studio Solution File, Format Version 12.00
# Visual Studio Version 17
VisualStudioVersion = 17.12.35707.178
MinimumVisualStudioVersion = 10.0.40219.1
Project("{FAE04EC0-301F-11D3-BF4B-00C04F79EFBC}") = "WebAPI.Youtube", "WebAPI.Youtube.csproj", "{0BBED55D-A6EE-4137-80C2-B0C68C5C7C34}"
EndProject
Global
	GlobalSection(SolutionConfigurationPlatforms) = preSolution
		Debug|Any CPU = Debug|Any CPU
		Release|Any CPU = Release|Any CPU
	EndGlobalSection
	GlobalSection(ProjectConfigurationPlatforms) = postSolution
		{0BBED55D-A6EE-4137-80C2-B0C68C5C7C34}.Debug|Any CPU.ActiveCfg = Debug|Any CPU
		{0BBED55D-A6EE-4137-80C2-B0C68C5C7C34}.Debug|Any CPU.Build.0 = Debug|Any CPU
		{0BBED55D-A6EE-4137-80C2-B0C68C5C7C34}.Release|Any CPU.ActiveCfg = Release|Any CPU
		{0BBED55D-A6EE-4137-80C2-B0C68C5C7C34}.Release|Any CPU.Build.0 = Release|Any CPU
	EndGlobalSection
	GlobalSection(SolutionProperties) = preSolution
		HideSolutionNode = FALSE
	EndGlobalSection
EndGlobal
